
Microsoft Visual Studio Solution File, Format Version 12.00
# Visual Studio Version 16
VisualStudioVersion = 16.0.31829.152
MinimumVisualStudioVersion = 10.0.40219.1
Project("{9A19103F-16F7-4668-BE54-9A1E7A4F7556}") = "Courses_MVC", "Courses_MVC\Courses_MVC.csproj", "{FB508124-B85A-4795-B68A-936EF0BD3207}"
EndProject
Global
	GlobalSection(SolutionConfigurationPlatforms) = preSolution
		Debug|Any CPU = Debug|Any CPU
		Release|Any CPU = Release|Any CPU
	EndGlobalSection
	GlobalSection(ProjectConfigurationPlatforms) = postSolution
		{FB508124-B85A-4795-B68A-936EF0BD3207}.Debug|Any CPU.ActiveCfg = Debug|Any CPU
		{FB508124-B85A-4795-B68A-936EF0BD3207}.Debug|Any CPU.Build.0 = Debug|Any CPU
		{FB508124-B85A-4795-B68A-936EF0BD3207}.Release|Any CPU.ActiveCfg = Release|Any CPU
		{FB508124-B85A-4795-B68A-936EF0BD3207}.Release|Any CPU.Build.0 = Release|Any CPU
	EndGlobalSection
	GlobalSection(SolutionProperties) = preSolution
		HideSolutionNode = FALSE
	EndGlobalSection
	GlobalSection(ExtensibilityGlobals) = postSolution
		SolutionGuid = {E8A40215-C84F-44BF-8963-DF77300EFB3A}
	EndGlobalSection
EndGlobal
